Microsoft Visual Studio Solution File, Format Version 12.00
# Visual Studio Version 17
VisualStudioVersion = 17.8.34511.84
MinimumVisualStudioVersion = 10.0.40219.1
Project("{9A19103F-16F7-4668-BE54-9A1E7A4F7556}") = "ServiceAssessmentService.WebApp", "ServiceAssessmentService.WebApp\ServiceAssessmentService.WebApp.csproj", "{1F6A6918-96BF-482C-B0FF-2D41B0A11B9C}"
EndProject
Project("{9A19103F-16F7-4668-BE54-9A1E7A4F7556}") = "ServiceAssessmentService.Application", "ServiceAssessmentService.Application\ServiceAssessmentService.Application.csproj", "{F9440989-2E62-406A-994F-2592AE937F75}"
EndProject
Project("{9A19103F-16F7-4668-BE54-9A1E7A4F7556}") = "ServiceAssessmentService.Domain", "ServiceAssessmentService.Domain\ServiceAssessmentService.Domain.csproj", "{E6CBBAEE-5981-4F4E-922D-B73659BB5B97}"
EndProject
Project("{FAE04EC0-301F-11D3-BF4B-00C04F79EFBC}") = "ServiceAssessmentService.Domain.Test", "ServiceAssessmentService.Domain.Test\ServiceAssessmentService.Domain.Test.csproj", "{5361539E-6B0A-4CA8-B753-33A40FA3D1A6}"
EndProject
Project("{FAE04EC0-301F-11D3-BF4B-00C04F79EFBC}") = "ServiceAssessmentService.WebApp.Test", "ServiceAssessmentService.WebApp.Test\ServiceAssessmentService.WebApp.Test.csproj", "{6E78B1A6-EB11-4F43-999A-DE44E91B08CC}"
EndProject
Global
	GlobalSection(SolutionConfigurationPlatforms) = preSolution
		Debug|Any CPU = Debug|Any CPU
		Release|Any CPU = Release|Any CPU
	EndGlobalSection
	GlobalSection(ProjectConfigurationPlatforms) = postSolution
		{1F6A6918-96BF-482C-B0FF-2D41B0A11B9C}.Debug|Any CPU.ActiveCfg = Debug|Any CPU
		{1F6A6918-96BF-482C-B0FF-2D41B0A11B9C}.Debug|Any CPU.Build.0 = Debug|Any CPU
		{1F6A6918-96BF-482C-B0FF-2D41B0A11B9C}.Release|Any CPU.ActiveCfg = Release|Any CPU
		{1F6A6918-96BF-482C-B0FF-2D41B0A11B9C}.Release|Any CPU.Build.0 = Release|Any CPU
		{F9440989-2E62-406A-994F-2592AE937F75}.Debug|Any CPU.ActiveCfg = Debug|Any CPU
		{F9440989-2E62-406A-994F-2592AE937F75}.Debug|Any CPU.Build.0 = Debug|Any CPU
		{F9440989-2E62-406A-994F-2592AE937F75}.Release|Any CPU.ActiveCfg = Release|Any CPU
		{F9440989-2E62-406A-994F-2592AE937F75}.Release|Any CPU.Build.0 = Release|Any CPU
		{E6CBBAEE-5981-4F4E-922D-B73659BB5B97}.Debug|Any CPU.ActiveCfg = Debug|Any CPU
		{E6CBBAEE-5981-4F4E-922D-B73659BB5B97}.Debug|Any CPU.Build.0 = Debug|Any CPU
		{E6CBBAEE-5981-4F4E-922D-B73659BB5B97}.Release|Any CPU.ActiveCfg = Release|Any CPU
		{E6CBBAEE-5981-4F4E-922D-B73659BB5B97}.Release|Any CPU.Build.0 = Release|Any CPU
		{5361539E-6B0A-4CA8-B753-33A40FA3D1A6}.Debug|Any CPU.ActiveCfg = Debug|Any CPU
		{5361539E-6B0A-4CA8-B753-33A40FA3D1A6}.Debug|Any CPU.Build.0 = Debug|Any CPU
		{5361539E-6B0A-4CA8-B753-33A40FA3D1A6}.Release|Any CPU.ActiveCfg = Release|Any CPU
		{5361539E-6B0A-4CA8-B753-33A40FA3D1A6}.Release|Any CPU.Build.0 = Release|Any CPU
		{6E78B1A6-EB11-4F43-999A-DE44E91B08CC}.Debug|Any CPU.ActiveCfg = Debug|Any CPU
		{6E78B1A6-EB11-4F43-999A-DE44E91B08CC}.Debug|Any CPU.Build.0 = Debug|Any CPU
		{6E78B1A6-EB11-4F43-999A-DE44E91B08CC}.Release|Any CPU.ActiveCfg = Release|Any CPU
		{6E78B1A6-EB11-4F43-999A-DE44E91B08CC}.Release|Any CPU.Build.0 = Release|Any CPU
	EndGlobalSection
	GlobalSection(SolutionProperties) = preSolution
		HideSolutionNode = FALSE
	EndGlobalSection
	GlobalSection(ExtensibilityGlobals) = postSolution
		SolutionGuid = {AE42456E-6F22-4C6B-BF6B-B5B4152FCE91}
	EndGlobalSection
EndGlobal
